
Microsoft Visual Studio Solution File, Format Version 12.00
# Visual Studio 15
VisualStudioVersion = 15.0.26124.0
MinimumVisualStudioVersion = 15.0.26124.0
Project("{2150E333-8FDC-42A3-9474-1A3956D46DE8}") = "src", "src", "{7C8243CD-EA18-44B5-A06C-F52D58A9D1EB}"
EndProject
Project("{FAE04EC0-301F-11D3-BF4B-00C04F79EFBC}") = "Radio.Core", "src\Radio.Core\Radio.Core.csproj", "{62E24FE8-A5AE-44FE-9380-1E6CD9CA26CA}"
EndProject
Project("{FAE04EC0-301F-11D3-BF4B-00C04F79EFBC}") = "Radio.Infrastructure", "src\Radio.Infrastructure\Radio.Infrastructure.csproj", "{F7C42069-C88A-4D34-AB75-D3DE158F4FB0}"
EndProject
Project("{FAE04EC0-301F-11D3-BF4B-00C04F79EFBC}") = "Radio.Infrastructure.Api", "src\Radio.Infrastructure.Api\Radio.Infrastructure.Api.csproj", "{BC1D5079-2EBC-4693-AE3B-553C86A3B9C8}"
EndProject
Project("{FAE04EC0-301F-11D3-BF4B-00C04F79EFBC}") = "Radio.Infrastructure.DbAccess", "src\Radio.Infrastructure.DbAccess\Radio.Infrastructure.DbAccess.csproj", "{22F6D98B-7D76-4C26-B5EB-FBFDC2249136}"
EndProject
Project("{FAE04EC0-301F-11D3-BF4B-00C04F79EFBC}") = "Radio.Infrastructure.Messaging", "src\Radio.Infrastructure.Messaging\Radio.Infrastructure.Messaging.csproj", "{B7D63FA1-A20E-411E-9B7E-0F3E4BF90128}"
EndProject
Project("{FAE04EC0-301F-11D3-BF4B-00C04F79EFBC}") = "Radio.Startup.Console", "src\Radio.Startup.Console\Radio.Startup.Console.csproj", "{4F69E03F-835C-426C-B040-1EA34A794DEF}"
EndProject
Project("{FAE04EC0-301F-11D3-BF4B-00C04F79EFBC}") = "Radio.Startup.Web.External", "src\Radio.Startup.Web.External\Radio.Startup.Web.External.csproj", "{88DEC346-6586-4539-863A-A3AD86FF049C}"
EndProject
Project("{FAE04EC0-301F-11D3-BF4B-00C04F79EFBC}") = "Radio.Startup.Web.Internal", "src\Radio.Startup.Web.Internal\Radio.Startup.Web.Internal.csproj", "{BBCFED57-74D9-4A51-934B-D26E7CAAE175}"
EndProject
Project("{FAE04EC0-301F-11D3-BF4B-00C04F79EFBC}") = "Radio.Infrastructure.Api.External", "src\Radio.Infrastructure.Api.External\Radio.Infrastructure.Api.External.csproj", "{2A07F9F4-D80B-4788-8085-3259338B8F50}"
EndProject
Project("{FAE04EC0-301F-11D3-BF4B-00C04F79EFBC}") = "Radio.Infrastructure.Api.Internal", "src\Radio.Infrastructure.Api.Internal\Radio.Infrastructure.Api.Internal.csproj", "{76285474-C176-4E97-88A0-81248DD5B737}"
EndProject
Global
	GlobalSection(SolutionConfigurationPlatforms) = preSolution
		Debug|Any CPU = Debug|Any CPU
		Debug|x64 = Debug|x64
		Debug|x86 = Debug|x86
		Release|Any CPU = Release|Any CPU
		Release|x64 = Release|x64
		Release|x86 = Release|x86
	EndGlobalSection
	GlobalSection(SolutionProperties) = preSolution
		HideSolutionNode = FALSE
	EndGlobalSection
	GlobalSection(ProjectConfigurationPlatforms) = postSolution
		{62E24FE8-A5AE-44FE-9380-1E6CD9CA26CA}.Debug|Any CPU.ActiveCfg = Debug|Any CPU
		{62E24FE8-A5AE-44FE-9380-1E6CD9CA26CA}.Debug|Any CPU.Build.0 = Debug|Any CPU
		{62E24FE8-A5AE-44FE-9380-1E6CD9CA26CA}.Debug|x64.ActiveCfg = Debug|Any CPU
		{62E24FE8-A5AE-44FE-9380-1E6CD9CA26CA}.Debug|x64.Build.0 = Debug|Any CPU
		{62E24FE8-A5AE-44FE-9380-1E6CD9CA26CA}.Debug|x86.ActiveCfg = Debug|Any CPU
		{62E24FE8-A5AE-44FE-9380-1E6CD9CA26CA}.Debug|x86.Build.0 = Debug|Any CPU
		{62E24FE8-A5AE-44FE-9380-1E6CD9CA26CA}.Release|Any CPU.ActiveCfg = Release|Any CPU
		{62E24FE8-A5AE-44FE-9380-1E6CD9CA26CA}.Release|Any CPU.Build.0 = Release|Any CPU
		{62E24FE8-A5AE-44FE-9380-1E6CD9CA26CA}.Release|x64.ActiveCfg = Release|Any CPU
		{62E24FE8-A5AE-44FE-9380-1E6CD9CA26CA}.Release|x64.Build.0 = Release|Any CPU
		{62E24FE8-A5AE-44FE-9380-1E6CD9CA26CA}.Release|x86.ActiveCfg = Release|Any CPU
		{62E24FE8-A5AE-44FE-9380-1E6CD9CA26CA}.Release|x86.Build.0 = Release|Any CPU
		{F7C42069-C88A-4D34-AB75-D3DE158F4FB0}.Debug|Any CPU.ActiveCfg = Debug|Any CPU
		{F7C42069-C88A-4D34-AB75-D3DE158F4FB0}.Debug|Any CPU.Build.0 = Debug|Any CPU
		{F7C42069-C88A-4D34-AB75-D3DE158F4FB0}.Debug|x64.ActiveCfg = Debug|Any CPU
		{F7C42069-C88A-4D34-AB75-D3DE158F4FB0}.Debug|x64.Build.0 = Debug|Any CPU
		{F7C42069-C88A-4D34-AB75-D3DE158F4FB0}.Debug|x86.ActiveCfg = Debug|Any CPU
		{F7C42069-C88A-4D34-AB75-D3DE158F4FB0}.Debug|x86.Build.0 = Debug|Any CPU
		{F7C42069-C88A-4D34-AB75-D3DE158F4FB0}.Release|Any CPU.ActiveCfg = Release|Any CPU
		{F7C42069-C88A-4D34-AB75-D3DE158F4FB0}.Release|Any CPU.Build.0 = Release|Any CPU
		{F7C42069-C88A-4D34-AB75-D3DE158F4FB0}.Release|x64.ActiveCfg = Release|Any CPU
		{F7C42069-C88A-4D34-AB75-D3DE158F4FB0}.Release|x64.Build.0 = Release|Any CPU
		{F7C42069-C88A-4D34-AB75-D3DE158F4FB0}.Release|x86.ActiveCfg = Release|Any CPU
		{F7C42069-C88A-4D34-AB75-D3DE158F4FB0}.Release|x86.Build.0 = Release|Any CPU
		{BC1D5079-2EBC-4693-AE3B-553C86A3B9C8}.Debug|Any CPU.ActiveCfg = Debug|Any CPU
		{BC1D5079-2EBC-4693-AE3B-553C86A3B9C8}.Debug|Any CPU.Build.0 = Debug|Any CPU
		{BC1D5079-2EBC-4693-AE3B-553C86A3B9C8}.Debug|x64.ActiveCfg = Debug|Any CPU
		{BC1D5079-2EBC-4693-AE3B-553C86A3B9C8}.Debug|x64.Build.0 = Debug|Any CPU
		{BC1D5079-2EBC-4693-AE3B-553C86A3B9C8}.Debug|x86.ActiveCfg = Debug|Any CPU
		{BC1D5079-2EBC-4693-AE3B-553C86A3B9C8}.Debug|x86.Build.0 = Debug|Any CPU
		{BC1D5079-2EBC-4693-AE3B-553C86A3B9C8}.Release|Any CPU.ActiveCfg = Release|Any CPU
		{BC1D5079-2EBC-4693-AE3B-553C86A3B9C8}.Release|Any CPU.Build.0 = Release|Any CPU
		{BC1D5079-2EBC-4693-AE3B-553C86A3B9C8}.Release|x64.ActiveCfg = Release|Any CPU
		{BC1D5079-2EBC-4693-AE3B-553C86A3B9C8}.Release|x64.Build.0 = Release|Any CPU
		{BC1D5079-2EBC-4693-AE3B-553C86A3B9C8}.Release|x86.ActiveCfg = Release|Any CPU
		{BC1D5079-2EBC-4693-AE3B-553C86A3B9C8}.Release|x86.Build.0 = Release|Any CPU
		{22F6D98B-7D76-4C26-B5EB-FBFDC2249136}.Debug|Any CPU.ActiveCfg = Debug|Any CPU
		{22F6D98B-7D76-4C26-B5EB-FBFDC2249136}.Debug|Any CPU.Build.0 = Debug|Any CPU
		{22F6D98B-7D76-4C26-B5EB-FBFDC2249136}.Debug|x64.ActiveCfg = Debug|Any CPU
		{22F6D98B-7D76-4C26-B5EB-FBFDC2249136}.Debug|x64.Build.0 = Debug|Any CPU
		{22F6D98B-7D76-4C26-B5EB-FBFDC2249136}.Debug|x86.ActiveCfg = Debug|Any CPU
		{22F6D98B-7D76-4C26-B5EB-FBFDC2249136}.Debug|x86.Build.0 = Debug|Any CPU
		{22F6D98B-7D76-4C26-B5EB-FBFDC2249136}.Release|Any CPU.ActiveCfg = Release|Any CPU
		{22F6D98B-7D76-4C26-B5EB-FBFDC2249136}.Release|Any CPU.Build.0 = Release|Any CPU
		{22F6D98B-7D76-4C26-B5EB-FBFDC2249136}.Release|x64.ActiveCfg = Release|Any CPU
		{22F6D98B-7D76-4C26-B5EB-FBFDC2249136}.Release|x64.Build.0 = Release|Any CPU
		{22F6D98B-7D76-4C26-B5EB-FBFDC2249136}.Release|x86.ActiveCfg = Release|Any CPU
		{22F6D98B-7D76-4C26-B5EB-FBFDC2249136}.Release|x86.Build.0 = Release|Any CPU
		{B7D63FA1-A20E-411E-9B7E-0F3E4BF90128}.Debug|Any CPU.ActiveCfg = Debug|Any CPU
		{B7D63FA1-A20E-411E-9B7E-0F3E4BF90128}.Debug|Any CPU.Build.0 = Debug|Any CPU
		{B7D63FA1-A20E-411E-9B7E-0F3E4BF90128}.Debug|x64.ActiveCfg = Debug|Any CPU
		{B7D63FA1-A20E-411E-9B7E-0F3E4BF90128}.Debug|x64.Build.0 = Debug|Any CPU
		{B7D63FA1-A20E-411E-9B7E-0F3E4BF90128}.Debug|x86.ActiveCfg = Debug|Any CPU
		{B7D63FA1-A20E-411E-9B7E-0F3E4BF90128}.Debug|x86.Build.0 = Debug|Any CPU
		{B7D63FA1-A20E-411E-9B7E-0F3E4BF90128}.Release|Any CPU.ActiveCfg = Release|Any CPU
		{B7D63FA1-A20E-411E-9B7E-0F3E4BF90128}.Release|Any CPU.Build.0 = Release|Any CPU
		{B7D63FA1-A20E-411E-9B7E-0F3E4BF90128}.Release|x64.ActiveCfg = Release|Any CPU
		{B7D63FA1-A20E-411E-9B7E-0F3E4BF90128}.Release|x64.Build.0 = Release|Any CPU
		{B7D63FA1-A20E-411E-9B7E-0F3E4BF90128}.Release|x86.ActiveCfg = Release|Any CPU
		{B7D63FA1-A20E-411E-9B7E-0F3E4BF90128}.Release|x86.Build.0 = Release|Any CPU
		{4F69E03F-835C-426C-B040-1EA34A794DEF}.Debug|Any CPU.ActiveCfg = Debug|Any CPU
		{4F69E03F-835C-426C-B040-1EA34A794DEF}.Debug|Any CPU.Build.0 = Debug|Any CPU
		{4F69E03F-835C-426C-B040-1EA34A794DEF}.Debug|x64.ActiveCfg = Debug|Any CPU
		{4F69E03F-835C-426C-B040-1EA34A794DEF}.Debug|x64.Build.0 = Debug|Any CPU
		{4F69E03F-835C-426C-B040-1EA34A794DEF}.Debug|x86.ActiveCfg = Debug|Any CPU
		{4F69E03F-835C-426C-B040-1EA34A794DEF}.Debug|x86.Build.0 = Debug|Any CPU
		{4F69E03F-835C-426C-B040-1EA34A794DEF}.Release|Any CPU.ActiveCfg = Release|Any CPU
		{4F69E03F-835C-426C-B040-1EA34A794DEF}.Release|Any CPU.Build.0 = Release|Any CPU
		{4F69E03F-835C-426C-B040-1EA34A794DEF}.Release|x64.ActiveCfg = Release|Any CPU
		{4F69E03F-835C-426C-B040-1EA34A794DEF}.Release|x64.Build.0 = Release|Any CPU
		{4F69E03F-835C-426C-B040-1EA34A794DEF}.Release|x86.ActiveCfg = Release|Any CPU
		{4F69E03F-835C-426C-B040-1EA34A794DEF}.Release|x86.Build.0 = Release|Any CPU
		{88DEC346-6586-4539-863A-A3AD86FF049C}.Debug|Any CPU.ActiveCfg = Debug|Any CPU
		{88DEC346-6586-4539-863A-A3AD86FF049C}.Debug|Any CPU.Build.0 = Debug|Any CPU
		{88DEC346-6586-4539-863A-A3AD86FF049C}.Debug|x64.ActiveCfg = Debug|Any CPU
		{88DEC346-6586-4539-863A-A3AD86FF049C}.Debug|x64.Build.0 = Debug|Any CPU
		{88DEC346-6586-4539-863A-A3AD86FF049C}.Debug|x86.ActiveCfg = Debug|Any CPU
		{88DEC346-6586-4539-863A-A3AD86FF049C}.Debug|x86.Build.0 = Debug|Any CPU
		{88DEC346-6586-4539-863A-A3AD86FF049C}.Release|Any CPU.ActiveCfg = Release|Any CPU
		{88DEC346-6586-4539-863A-A3AD86FF049C}.Release|Any CPU.Build.0 = Release|Any CPU
		{88DEC346-6586-4539-863A-A3AD86FF049C}.Release|x64.ActiveCfg = Release|Any CPU
		{88DEC346-6586-4539-863A-A3AD86FF049C}.Release|x64.Build.0 = Release|Any CPU
		{88DEC346-6586-4539-863A-A3AD86FF049C}.Release|x86.ActiveCfg = Release|Any CPU
		{88DEC346-6586-4539-863A-A3AD86FF049C}.Release|x86.Build.0 = Release|Any CPU
		{BBCFED57-74D9-4A51-934B-D26E7CAAE175}.Debug|Any CPU.ActiveCfg = Debug|Any CPU
		{BBCFED57-74D9-4A51-934B-D26E7CAAE175}.Debug|Any CPU.Build.0 = Debug|Any CPU
		{BBCFED57-74D9-4A51-934B-D26E7CAAE175}.Debug|x64.ActiveCfg = Debug|Any CPU
		{BBCFED57-74D9-4A51-934B-D26E7CAAE175}.Debug|x64.Build.0 = Debug|Any CPU
		{BBCFED57-74D9-4A51-934B-D26E7CAAE175}.Debug|x86.ActiveCfg = Debug|Any CPU
		{BBCFED57-74D9-4A51-934B-D26E7CAAE175}.Debug|x86.Build.0 = Debug|Any CPU
		{BBCFED57-74D9-4A51-934B-D26E7CAAE175}.Release|Any CPU.ActiveCfg = Release|Any CPU
		{BBCFED57-74D9-4A51-934B-D26E7CAAE175}.Release|Any CPU.Build.0 = Release|Any CPU
		{BBCFED57-74D9-4A51-934B-D26E7CAAE175}.Release|x64.ActiveCfg = Release|Any CPU
		{BBCFED57-74D9-4A51-934B-D26E7CAAE175}.Release|x64.Build.0 = Release|Any CPU
		{BBCFED57-74D9-4A51-934B-D26E7CAAE175}.Release|x86.ActiveCfg = Release|Any CPU
		{BBCFED57-74D9-4A51-934B-D26E7CAAE175}.Release|x86.Build.0 = Release|Any CPU
		{2A07F9F4-D80B-4788-8085-3259338B8F50}.Debug|Any CPU.ActiveCfg = Debug|Any CPU
		{2A07F9F4-D80B-4788-8085-3259338B8F50}.Debug|Any CPU.Build.0 = Debug|Any CPU
		{2A07F9F4-D80B-4788-8085-3259338B8F50}.Debug|x64.ActiveCfg = Debug|Any CPU
		{2A07F9F4-D80B-4788-8085-3259338B8F50}.Debug|x64.Build.0 = Debug|Any CPU
		{2A07F9F4-D80B-4788-8085-3259338B8F50}.Debug|x86.ActiveCfg = Debug|Any CPU
		{2A07F9F4-D80B-4788-8085-3259338B8F50}.Debug|x86.Build.0 = Debug|Any CPU
		{2A07F9F4-D80B-4788-8085-3259338B8F50}.Release|Any CPU.ActiveCfg = Release|Any CPU
		{2A07F9F4-D80B-4788-8085-3259338B8F50}.Release|Any CPU.Build.0 = Release|Any CPU
		{2A07F9F4-D80B-4788-8085-3259338B8F50}.Release|x64.ActiveCfg = Release|Any CPU
		{2A07F9F4-D80B-4788-8085-3259338B8F50}.Release|x64.Build.0 = Release|Any CPU
		{2A07F9F4-D80B-4788-8085-3259338B8F50}.Release|x86.ActiveCfg = Release|Any CPU
		{2A07F9F4-D80B-4788-8085-3259338B8F50}.Release|x86.Build.0 = Release|Any CPU
		{76285474-C176-4E97-88A0-81248DD5B737}.Debug|Any CPU.ActiveCfg = Debug|Any CPU
		{76285474-C176-4E97-88A0-81248DD5B737}.Debug|Any CPU.Build.0 = Debug|Any CPU
		{76285474-C176-4E97-88A0-81248DD5B737}.Debug|x64.ActiveCfg = Debug|Any CPU
		{76285474-C176-4E97-88A0-81248DD5B737}.Debug|x64.Build.0 = Debug|Any CPU
		{76285474-C176-4E97-88A0-81248DD5B737}.Debug|x86.ActiveCfg = Debug|Any CPU
		{76285474-C176-4E97-88A0-81248DD5B737}.Debug|x86.Build.0 = Debug|Any CPU
		{76285474-C176-4E97-88A0-81248DD5B737}.Release|Any CPU.ActiveCfg = Release|Any CPU
		{76285474-C176-4E97-88A0-81248DD5B737}.Release|Any CPU.Build.0 = Release|Any CPU
		{76285474-C176-4E97-88A0-81248DD5B737}.Release|x64.ActiveCfg = Release|Any CPU
		{76285474-C176-4E97-88A0-81248DD5B737}.Release|x64.Build.0 = Release|Any CPU
		{76285474-C176-4E97-88A0-81248DD5B737}.Release|x86.ActiveCfg = Release|Any CPU
		{76285474-C176-4E97-88A0-81248DD5B737}.Release|x86.Build.0 = Release|Any CPU
	EndGlobalSection
	GlobalSection(NestedProjects) = preSolution
		{62E24FE8-A5AE-44FE-9380-1E6CD9CA26CA} = {7C8243CD-EA18-44B5-A06C-F52D58A9D1EB}
		{F7C42069-C88A-4D34-AB75-D3DE158F4FB0} = {7C8243CD-EA18-44B5-A06C-F52D58A9D1EB}
		{BC1D5079-2EBC-4693-AE3B-553C86A3B9C8} = {7C8243CD-EA18-44B5-A06C-F52D58A9D1EB}
		{22F6D98B-7D76-4C26-B5EB-FBFDC2249136} = {7C8243CD-EA18-44B5-A06C-F52D58A9D1EB}
		{B7D63FA1-A20E-411E-9B7E-0F3E4BF90128} = {7C8243CD-EA18-44B5-A06C-F52D58A9D1EB}
		{4F69E03F-835C-426C-B040-1EA34A794DEF} = {7C8243CD-EA18-44B5-A06C-F52D58A9D1EB}
		{88DEC346-6586-4539-863A-A3AD86FF049C} = {7C8243CD-EA18-44B5-A06C-F52D58A9D1EB}
		{BBCFED57-74D9-4A51-934B-D26E7CAAE175} = {7C8243CD-EA18-44B5-A06C-F52D58A9D1EB}
		{2A07F9F4-D80B-4788-8085-3259338B8F50} = {7C8243CD-EA18-44B5-A06C-F52D58A9D1EB}
		{76285474-C176-4E97-88A0-81248DD5B737} = {7C8243CD-EA18-44B5-A06C-F52D58A9D1EB}
	EndGlobalSection
EndGlobal
